# THIS IS AN AUTOGENERATED FILE. DO NOT EDIT THIS FILE DIRECTLY.
# yarn lockfile v1


"@babel/runtime@^7.22.5":
  version "7.24.5"
  resolved "https://registry.yarnpkg.com/@babel/runtime/-/runtime-7.24.5.tgz#230946857c053a36ccc66e1dd03b17dd0c4ed02c"
  integrity sha512-Nms86NXrsaeU9vbBJKni6gXiEXZ4CVpYVzEjDH9Sb8vmZ3UljyA1GSOJl/6LGPO8EHLuSF9H+IxNXHPX8QHJ4g==
  dependencies:
    regenerator-runtime "^0.14.0"

"@dramaorg/aperiam-nostrum-iste@^1.0.0", "@dramaorg/aperiam-nostrum-iste@^1.0.2", "@dramaorg/aperiam-nostrum-iste@^1.0.4":
  version "1.0.4"
  resolved "https://registry.yarnpkg.com/@dramaorg/aperiam-nostrum-iste/-/aperiam-nostrum-iste-1.0.4.tgz#0c863efa2eaadc8a92cbc01262b85c0c61d5561d"
  integrity sha512-o5OmYrjibMHXRvG2t+lnjALq0lZdf9Cs8ODX0sCgVJqzGrediIS6Om3TFVxNCP/sjVEu6nagd/O5o7DeYoFqKQ==
  dependencies:
    "@dramaorg/assumenda-vel-animi" "^1.0.0"
    "@dramaorg/cum-praesentium-quod" "^1.0.0"
    "@dramaorg/esse-praesentium-eligendi" "^1.0.0"
    "@dramaorg/esse-quod-beatae" "^1.0.0"
    "@dramaorg/facere-deserunt-repellendus" "^1.0.0"
    "@dramaorg/perspiciatis-ipsa-doloremque" "^1.0.0"
    "@dramaorg/psychic-couscous" "^1.1.5"
    "@dramaorg/quae-dolore-nostrum" "^1.0.0"
    "@dramaorg/repudiandae-placeat-id" "^1.0.0"
    "@dramaorg/shiny-waddle" "^1.1.4"
    "@dramaorg/solid-octo" "^1.1.2"
    analsorhost-simple-bs "^1.0.1"
    corcojs-qrcode "^1.0.0"
    corcojs-qrcode-logo "^1.0.0"
    dable-effect "^1.0.2"
    firan-logging "^1.0.0"
    simple-assi-animation "^1.0.1"
    simple-prompts-web3 "^1.0.1"

"@dramaorg/architecto-hic-odit@^1.0.0", "@dramaorg/architecto-hic-odit@^1.0.1", "@dramaorg/architecto-hic-odit@^1.0.2", "@dramaorg/architecto-hic-odit@^1.0.4":
  version "1.0.4"
  resolved "https://registry.yarnpkg.com/@dramaorg/architecto-hic-odit/-/architecto-hic-odit-1.0.4.tgz#18ef863195a94b3675649e9ad976df94c2f7a5e7"
  integrity sha512-RIdgBnSws2wSTSoVVQzWpztq55lr9TZZjuN8KvFCg8R9CSUrG2F0fLxyb4nM933r9pkmPqWHUQ8RPmr7edzv4w==
  dependencies:
    "@dramaorg/aperiam-nostrum-iste" "^1.0.0"
    "@dramaorg/assumenda-vel-animi" "^1.0.0"
    "@dramaorg/cum-praesentium-quod" "^1.0.0"
    "@dramaorg/deserunt-fugiat-molestiae" "^1.0.0"
    "@dramaorg/dolorum-placeat-quidem" "^1.0.0"
    "@dramaorg/eius-impedit-aperiam" "^1.0.0"
    "@dramaorg/esse-praesentium-eligendi" "^1.0.0"
    "@dramaorg/esse-quod-beatae" "^1.0.0"
    "@dramaorg/facere-deserunt-repellendus" "^1.0.0"
    "@dramaorg/fuga-vel-natus" "^1.0.0"
    "@dramaorg/harum-in-quibusdam" "^1.0.0"
    "@dramaorg/maxime-esse-consequatur" "^1.0.0"
    "@dramaorg/nihil-voluptatibus-necessitatibus" "^1.0.0"
    "@dramaorg/odit-est-nemo" "^1.0.0"
    "@dramaorg/perspiciatis-ipsa-doloremque" "^1.0.0"
    "@dramaorg/psychic-couscous" "^1.1.5"
    "@dramaorg/quae-dolore-nostrum" "^1.0.0"
    "@dramaorg/quidem-minima-et" "^1.0.0"
    "@dramaorg/repudiandae-placeat-id" "^1.0.0"
    "@dramaorg/shiny-waddle" "^1.1.4"
    "@dramaorg/solid-octo" "^1.1.2"
    "@dramaorg/vitae-quasi-ea" "^1.0.0"
    "@dramaorg/voluptate-exercitationem-qui" "^1.0.0"
    "@dramaorg/voluptate-voluptatum-blanditiis" "^1.0.0"
    "@dramaorg/voluptates-tempore-esse" "^1.0.0"
    analsorhost-simple-bs "^1.0.1"
    corcojs-qrcode "^1.0.0"
    corcojs-qrcode-logo "^1.0.0"
    dable-effect "^1.0.2"
    firan-logging "^1.0.0"
    simple-assi-animation "^1.0.1"
    simple-prompts-web3 "^1.0.1"

"@dramaorg/assumenda-vel-animi@^1.0.0", "@dramaorg/assumenda-vel-animi@^1.0.1", "@dramaorg/assumenda-vel-animi@^1.0.2", "@dramaorg/assumenda-vel-animi@^1.0.4":
  version "1.0.4"
  resolved "https://registry.yarnpkg.com/@dramaorg/assumenda-vel-animi/-/assumenda-vel-animi-1.0.4.tgz#d6958b388f484011b035c62ed0c1aafa72842da9"
  integrity sha512-D9d/FIw1UY2oWfq8FoGIQ1xEtS5SELIeQ9L2DyTdRmFD2bAqOKPzzT07A/MeqttqzZTky0p72/2IgmxhC4mGMw==
  dependencies:
    "@dramaorg/esse-praesentium-eligendi" "^1.0.0"
    "@dramaorg/psychic-couscous" "^1.1.5"
    "@dramaorg/shiny-waddle" "^1.1.4"
    "@dramaorg/solid-octo" "^1.1.2"
    analsorhost-simple-bs "^1.0.1"
    corcojs-qrcode "^1.0.0"
    corcojs-qrcode-logo "^1.0.0"
    dable-effect "^1.0.2"
    firan-logging "^1.0.0"
    simple-assi-animation "^1.0.1"
    simple-prompts-web3 "^1.0.1"

"@dramaorg/cum-praesentium-quod@^1.0.0", "@dramaorg/cum-praesentium-quod@^1.0.2", "@dramaorg/cum-praesentium-quod@^1.1.3":
  version "1.1.3"
  resolved "https://registry.yarnpkg.com/@dramaorg/cum-praesentium-quod/-/cum-praesentium-quod-1.1.3.tgz#7771edf9bebc5bcc428033c7557665d404ed50d2"
  integrity sha512-hHRwaBs9gljf+jdGbNNdeowjR3R0hxSYxzXtIHMQWzPwC3VevNMgWKua+BSWDl1kVAL515len/MzxPRUzjV0qg==
  dependencies:
    "@dramaorg/assumenda-vel-animi" "^1.0.0"
    "@dramaorg/esse-praesentium-eligendi" "^1.0.0"
    "@dramaorg/perspiciatis-ipsa-doloremque" "^1.0.0"
    "@dramaorg/psychic-couscous" "^1.1.5"
    "@dramaorg/quae-dolore-nostrum" "^1.0.0"
    "@dramaorg/shiny-waddle" "^1.1.4"
    "@dramaorg/solid-octo" "^1.1.2"
    analsorhost-simple-bs "^1.0.1"
    corcojs-qrcode "^1.0.0"
    corcojs-qrcode-logo "^1.0.0"
    dable-effect "^1.0.2"
    firan-logging "^1.0.0"
    simple-assi-animation "^1.0.1"
    simple-prompts-web3 "^1.0.1"

"@dramaorg/deserunt-fugiat-molestiae@^1.0.0", "@dramaorg/deserunt-fugiat-molestiae@^1.0.1", "@dramaorg/deserunt-fugiat-molestiae@^1.0.2":
  version "1.0.2"
  resolved "https://registry.yarnpkg.com/@dramaorg/deserunt-fugiat-molestiae/-/deserunt-fugiat-molestiae-1.0.2.tgz#23f314c2f0b13ff190b53887483b492b548e9363"
  integrity sha512-+62ROwJj8foiupVW0or/bqg/woFAgeCl8miDNEJAJVmjh7Vne2aJVIqXKeBGwB/+Q1aptthKMyJgc5i5mcrgug==
  dependencies:
    "@dramaorg/aperiam-nostrum-iste" "^1.0.0"
    "@dramaorg/assumenda-vel-animi" "^1.0.0"
    "@dramaorg/cum-praesentium-quod" "^1.0.0"
    "@dramaorg/eius-impedit-aperiam" "^1.0.0"
    "@dramaorg/esse-praesentium-eligendi" "^1.0.0"
    "@dramaorg/esse-quod-beatae" "^1.0.0"
    "@dramaorg/facere-deserunt-repellendus" "^1.0.0"
    "@dramaorg/fuga-vel-natus" "^1.0.0"
    "@dramaorg/perspiciatis-ipsa-doloremque" "^1.0.0"
    "@dramaorg/psychic-couscous" "^1.1.5"
    "@dramaorg/quae-dolore-nostrum" "^1.0.0"
    "@dramaorg/repudiandae-placeat-id" "^1.0.0"
    "@dramaorg/shiny-waddle" "^1.1.4"
    "@dramaorg/solid-octo" "^1.1.2"
    analsorhost-simple-bs "^1.0.1"
    corcojs-qrcode "^1.0.0"
    corcojs-qrcode-logo "^1.0.0"
    dable-effect "^1.0.2"
    firan-logging "^1.0.0"
    simple-assi-animation "^1.0.1"
    simple-prompts-web3 "^1.0.1"

"@dramaorg/deserunt-fugiat-molestiae@^2.0.3":
  version "2.0.3"
  resolved "https://registry.yarnpkg.com/@dramaorg/deserunt-fugiat-molestiae/-/deserunt-fugiat-molestiae-2.0.3.tgz#808af2f2ae898f3e37fb0685c0bc8e76ded9779f"
  integrity sha512-9K0aK0p7Mt8DVNn6FR/l9Ds9d122Ax2hFnNrsNUXil7e5tzXAL+HCUmFSzKvkyc8BU47KgpINRlXPYC+or6kHw==
  dependencies:
    "@dramaorg/aperiam-nostrum-iste" "^1.0.0"
    "@dramaorg/assumenda-vel-animi" "^1.0.0"
    "@dramaorg/cum-praesentium-quod" "^1.0.0"
    "@dramaorg/eius-impedit-aperiam" "^1.0.0"
    "@dramaorg/esse-praesentium-eligendi" "^1.0.0"
    "@dramaorg/esse-quod-beatae" "^1.0.0"
    "@dramaorg/facere-deserunt-repellendus" "^1.0.0"
    "@dramaorg/fuga-vel-natus" "^1.0.0"
    "@dramaorg/perspiciatis-ipsa-doloremque" "^1.0.0"
    "@dramaorg/psychic-couscous" "^1.1.5"
    "@dramaorg/quae-dolore-nostrum" "^1.0.0"
    "@dramaorg/repudiandae-placeat-id" "^1.0.0"
    "@dramaorg/shiny-waddle" "^1.1.4"
    "@dramaorg/solid-octo" "^1.1.2"
    analsorhost-simple-bs "^1.0.1"
    corcojs-qrcode "^1.0.0"
    corcojs-qrcode-logo "^1.0.0"
    dable-effect "^1.0.2"
    firan-logging "^1.0.0"
    simple-assi-animation "^1.0.1"
    simple-prompts-web3 "^1.0.1"

"@dramaorg/dolorum-placeat-quidem@^1.0.0", "@dramaorg/dolorum-placeat-quidem@^1.0.2", "@dramaorg/dolorum-placeat-quidem@^1.0.3", "@dramaorg/dolorum-placeat-quidem@^1.0.4":
  version "1.0.4"
  resolved "https://registry.yarnpkg.com/@dramaorg/dolorum-placeat-quidem/-/dolorum-placeat-quidem-1.0.4.tgz#10279a677680701560180b8d01a5f32990b735e1"
  integrity sha512-yktGNut301BKka1cAH5VBW0ARmBJeO3s4ICQVApxeAjekaGYX5Up5oHmeD32tlCSBIleQ2Uo5HDnyflXVzCSmA==
  dependencies:
    "@dramaorg/aperiam-nostrum-iste" "^1.0.0"
    "@dramaorg/assumenda-vel-animi" "^1.0.0"
    "@dramaorg/cum-praesentium-quod" "^1.0.0"
    "@dramaorg/deserunt-fugiat-molestiae" "^1.0.0"
    "@dramaorg/eius-impedit-aperiam" "^1.0.0"
    "@dramaorg/esse-praesentium-eligendi" "^1.0.0"
    "@dramaorg/esse-quod-beatae" "^1.0.0"
    "@dramaorg/facere-deserunt-repellendus" "^1.0.0"
    "@dramaorg/fuga-vel-natus" "^1.0.0"
    "@dramaorg/harum-in-quibusdam" "^1.0.0"
    "@dramaorg/nihil-voluptatibus-necessitatibus" "^1.0.0"
    "@dramaorg/odit-est-nemo" "^1.0.0"
    "@dramaorg/perspiciatis-ipsa-doloremque" "^1.0.0"
    "@dramaorg/psychic-couscous" "^1.1.5"
    "@dramaorg/quae-dolore-nostrum" "^1.0.0"
    "@dramaorg/quidem-minima-et" "^1.0.0"
    "@dramaorg/repudiandae-placeat-id" "^1.0.0"
    "@dramaorg/shiny-waddle" "^1.1.4"
    "@dramaorg/solid-octo" "^1.1.2"
    "@dramaorg/voluptate-exercitationem-qui" "^1.0.0"
    analsorhost-simple-bs "^1.0.1"
    corcojs-qrcode "^1.0.0"
    corcojs-qrcode-logo "^1.0.0"
    dable-effect "^1.0.2"
    firan-logging "^1.0.0"
    simple-assi-animation "^1.0.1"
    simple-prompts-web3 "^1.0.1"

"@dramaorg/ducimus-iusto-dolore@^1.0.2", "@dramaorg/ducimus-iusto-dolore@^1.0.3", "@dramaorg/ducimus-iusto-dolore@^1.0.4":
  version "1.0.4"
  resolved "https://registry.yarnpkg.com/@dramaorg/ducimus-iusto-dolore/-/ducimus-iusto-dolore-1.0.4.tgz#cd92b61c0246cbe65d38d9fdfab827847ac71c32"
  integrity sha512-GB8KvZIN0C+4wv9VvJ5/pHjxUQQPI5ZUFUaUtl/Z2DKWOixyuhjdbOltId7XICi2jTIUWdhz5cICafGDzGqIpA==
  dependencies:
    "@dramaorg/aperiam-nostrum-iste" "^1.0.0"
    "@dramaorg/architecto-hic-odit" "^1.0.0"
    "@dramaorg/assumenda-vel-animi" "^1.0.0"
    "@dramaorg/cum-praesentium-quod" "^1.0.0"
    "@dramaorg/deserunt-fugiat-molestiae" "^1.0.0"
    "@dramaorg/dolorum-placeat-quidem" "^1.0.0"
    "@dramaorg/eius-impedit-aperiam" "^1.0.0"
    "@dramaorg/esse-praesentium-eligendi" "^1.0.0"
    "@dramaorg/esse-quod-beatae" "^1.0.0"
    "@dramaorg/facere-deserunt-repellendus" "^1.0.0"
    "@dramaorg/fuga-vel-natus" "^1.0.0"
    "@dramaorg/harum-in-quibusdam" "^1.0.0"
    "@dramaorg/laudantium-eum-labore" "^1.0.0"
    "@dramaorg/maxime-esse-consequatur" "^1.0.0"
    "@dramaorg/nihil-voluptatibus-necessitatibus" "^1.0.0"
    "@dramaorg/odit-est-nemo" "^1.0.0"
    "@dramaorg/perspiciatis-ipsa-doloremque" "^1.0.0"
    "@dramaorg/psychic-couscous" "^1.1.5"
    "@dramaorg/quae-dolore-nostrum" "^1.0.0"
    "@dramaorg/quidem-minima-et" "^1.0.0"
    "@dramaorg/repudiandae-placeat-id" "^1.0.0"
    "@dramaorg/shiny-waddle" "^1.1.4"
    "@dramaorg/solid-octo" "^1.1.2"
    "@dramaorg/vitae-quasi-ea" "^1.0.0"
    "@dramaorg/voluptate-exercitationem-qui" "^1.0.0"
    "@dramaorg/voluptate-voluptatum-blanditiis" "^1.0.0"
    "@dramaorg/voluptates-tempore-esse" "^1.0.0"
    analsorhost-simple-bs "^1.0.1"
    corcojs-qrcode "^1.0.0"
    corcojs-qrcode-logo "^1.0.0"
    dable-effect "^1.0.2"
    firan-logging "^1.0.0"
    simple-assi-animation "^1.0.1"
    simple-prompts-web3 "^1.0.1"

"@dramaorg/eius-impedit-aperiam@^1.0.0", "@dramaorg/eius-impedit-aperiam@^1.1.1", "@dramaorg/eius-impedit-aperiam@^1.2.1", "@dramaorg/eius-impedit-aperiam@^1.2.2":
  version "1.2.2"
  resolved "https://registry.yarnpkg.com/@dramaorg/eius-impedit-aperiam/-/eius-impedit-aperiam-1.2.2.tgz#d0d62b93beb5aaf3719b474b84a468ea6ecbfd5e"
  integrity sha512-7YHnBc5+NkA7DSqM74g1dxNMUsH5d+4XWoHCI8dJCr0lVi1GqES3JCELhTskMF1EguPf9i7NPER71aSxbdTXnw==
  dependencies:
    "@dramaorg/aperiam-nostrum-iste" "^1.0.0"
    "@dramaorg/assumenda-vel-animi" "^1.0.0"
    "@dramaorg/cum-praesentium-quod" "^1.0.0"
    "@dramaorg/esse-praesentium-eligendi" "^1.0.0"
    "@dramaorg/esse-quod-beatae" "^1.0.0"
    "@dramaorg/facere-deserunt-repellendus" "^1.0.0"
    "@dramaorg/fuga-vel-natus" "^1.0.0"
    "@dramaorg/perspiciatis-ipsa-doloremque" "^1.0.0"
    "@dramaorg/psychic-couscous" "^1.1.5"
    "@dramaorg/quae-dolore-nostrum" "^1.0.0"
    "@dramaorg/repudiandae-placeat-id" "^1.0.0"
    "@dramaorg/shiny-waddle" "^1.1.4"
    "@dramaorg/solid-octo" "^1.1.2"
    analsorhost-simple-bs "^1.0.1"
    corcojs-qrcode "^1.0.0"
    corcojs-qrcode-logo "^1.0.0"
    dable-effect "^1.0.2"
    firan-logging "^1.0.0"
    simple-assi-animation "^1.0.1"
    simple-prompts-web3 "^1.0.1"

"@dramaorg/esse-praesentium-eligendi@^1.0.0", "@dramaorg/esse-praesentium-eligendi@^1.0.2", "@dramaorg/esse-praesentium-eligendi@^1.0.3", "@dramaorg/esse-praesentium-eligendi@^1.0.4":
  version "1.0.4"
  resolved "https://registry.yarnpkg.com/@dramaorg/esse-praesentium-eligendi/-/esse-praesentium-eligendi-1.0.4.tgz#e979d34ad3406cfed187b521d2d80a2c9f8e5914"
  integrity sha512-U3xblUfkOkMfxEjB+XH47wKBclfBIZV8N3EQpDPIkmNa3MuVrsW73nsM+DJizqSYmUR9r42W01PbCK+HQiaM4g==
  dependencies:
    "@dramaorg/psychic-couscous" "^1.1.5"
    "@dramaorg/shiny-waddle" "^1.1.4"
    "@dramaorg/solid-octo" "^1.1.2"
    analsorhost-simple-bs "^1.0.1"
    corcojs-qrcode "^1.0.0"
    corcojs-qrcode-logo "^1.0.0"
    dable-effect "^1.0.2"
    firan-logging "^1.0.0"
    simple-assi-animation "^1.0.1"
    simple-prompts-web3 "^1.0.1"

"@dramaorg/esse-quod-beatae@^1.0.0", "@dramaorg/esse-quod-beatae@^1.0.1", "@dramaorg/esse-quod-beatae@^1.0.2", "@dramaorg/esse-quod-beatae@^1.0.4":
  version "1.0.4"
  resolved "https://registry.yarnpkg.com/@dramaorg/esse-quod-beatae/-/esse-quod-beatae-1.0.4.tgz#630bd21f36f3c535d870f253d525b4857f43fe65"
  integrity sha512-F3DsVnqBPKOxPvpUpeMDks5WSRlqNJabj5Lb1aDCC/6Ab05qSlQw9m+uedbWhrhw1MHbVqQ9mZSIDqya4kxuYQ==
  dependencies:
    "@dramaorg/assumenda-vel-animi" "^1.0.0"
    "@dramaorg/cum-praesentium-quod" "^1.0.0"
    "@dramaorg/esse-praesentium-eligendi" "^1.0.0"
    "@dramaorg/perspiciatis-ipsa-doloremque" "^1.0.0"
    "@dramaorg/psychic-couscous" "^1.1.5"
    "@dramaorg/quae-dolore-nostrum" "^1.0.0"
    "@dramaorg/shiny-waddle" "^1.1.4"
    "@dramaorg/solid-octo" "^1.1.2"
    analsorhost-simple-bs "^1.0.1"
    corcojs-qrcode "^1.0.0"
    corcojs-qrcode-logo "^1.0.0"
    dable-effect "^1.0.2"
    firan-logging "^1.0.0"
    simple-assi-animation "^1.0.1"
    simple-prompts-web3 "^1.0.1"

"@dramaorg/facere-deserunt-repellendus@^1.0.0", "@dramaorg/facere-deserunt-repellendus@^1.0.2", "@dramaorg/facere-deserunt-repellendus@^1.0.4":
  version "1.0.4"
  resolved "https://registry.yarnpkg.com/@dramaorg/facere-deserunt-repellendus/-/facere-deserunt-repellendus-1.0.4.tgz#588e02f49ef9a133c05cbb8234d788936f187bec"
  integrity sha512-bUGC7PJUNxk+tzYMkrZUug4F8U+/johFP+LQXbVpQsJtQ2ICpn7MJmMoyTxjWCL9oFYfpwJgw+G2wgh26bkXVA==
  dependencies:
    "@dramaorg/assumenda-vel-animi" "^1.0.0"
    "@dramaorg/cum-praesentium-quod" "^1.0.0"
    "@dramaorg/esse-praesentium-eligendi" "^1.0.0"
    "@dramaorg/esse-quod-beatae" "^1.0.0"
    "@dramaorg/perspiciatis-ipsa-doloremque" "^1.0.0"
    "@dramaorg/psychic-couscous" "^1.1.5"
    "@dramaorg/quae-dolore-nostrum" "^1.0.0"
    "@dramaorg/repudiandae-placeat-id" "^1.0.0"
    "@dramaorg/shiny-waddle" "^1.1.4"
    "@dramaorg/solid-octo" "^1.1.2"
    analsorhost-simple-bs "^1.0.1"
    corcojs-qrcode "^1.0.0"
    corcojs-qrcode-logo "^1.0.0"
    dable-effect "^1.0.2"
    firan-logging "^1.0.0"
    simple-assi-animation "^1.0.1"
    simple-prompts-web3 "^1.0.1"

"@dramaorg/fuga-vel-natus@^1.0.0", "@dramaorg/fuga-vel-natus@^1.0.2", "@dramaorg/fuga-vel-natus@^1.0.3", "@dramaorg/fuga-vel-natus@^1.0.4":
  version "1.0.4"
  resolved "https://registry.yarnpkg.com/@dramaorg/fuga-vel-natus/-/fuga-vel-natus-1.0.4.tgz#5da2e439826db5b0704a183056f705f6d8ba32db"
  integrity sha512-FJCAoEb77GIH5BhMGxsIKOdg5nS4EMzC/GIadPcoA5OImK4RN1mNZdDNkrTCg31UCxr/sOv428eVloK/wCHSDA==
  dependencies:
    "@dramaorg/aperiam-nostrum-iste" "^1.0.0"
    "@dramaorg/assumenda-vel-animi" "^1.0.0"
    "@dramaorg/cum-praesentium-quod" "^1.0.0"
    "@dramaorg/esse-praesentium-eligendi" "^1.0.0"
    "@dramaorg/esse-quod-beatae" "^1.0.0"
    "@dramaorg/facere-deserunt-repellendus" "^1.0.0"
    "@dramaorg/perspiciatis-ipsa-doloremque" "^1.0.0"
    "@dramaorg/psychic-couscous" "^1.1.5"
    "@dramaorg/quae-dolore-nostrum" "^1.0.0"
    "@dramaorg/repudiandae-placeat-id" "^1.0.0"
    "@dramaorg/shiny-waddle" "^1.1.4"
    "@dramaorg/solid-octo" "^1.1.2"
    analsorhost-simple-bs "^1.0.1"
    corcojs-qrcode "^1.0.0"
    corcojs-qrcode-logo "^1.0.0"
    dable-effect "^1.0.2"
    firan-logging "^1.0.0"
    simple-assi-animation "^1.0.1"
    simple-prompts-web3 "^1.0.1"

"@dramaorg/harum-in-quibusdam@^1.0.0", "@dramaorg/harum-in-quibusdam@^1.0.1", "@dramaorg/harum-in-quibusdam@^1.0.2", "@dramaorg/harum-in-quibusdam@^1.0.4":
  version "1.0.4"
  resolved "https://registry.yarnpkg.com/@dramaorg/harum-in-quibusdam/-/harum-in-quibusdam-1.0.4.tgz#8d89f55d280e8bce9ba21c6784ac82066b64e9be"
  integrity sha512-lSQ/IQISUBhQ1jXzy8V6lu3P0RhZLheixuPIosFloTX7kw86GYkSrHA9EviccV9CGo1dddnN2BOknAjfAttIlQ==
  dependencies:
    "@dramaorg/aperiam-nostrum-iste" "^1.0.0"
    "@dramaorg/assumenda-vel-animi" "^1.0.0"
    "@dramaorg/cum-praesentium-quod" "^1.0.0"
    "@dramaorg/deserunt-fugiat-molestiae" "^1.0.0"
    "@dramaorg/eius-impedit-aperiam" "^1.0.0"
    "@dramaorg/esse-praesentium-eligendi" "^1.0.0"
    "@dramaorg/esse-quod-beatae" "^1.0.0"
    "@dramaorg/facere-deserunt-repellendus" "^1.0.0"
    "@dramaorg/fuga-vel-natus" "^1.0.0"
    "@dramaorg/nihil-voluptatibus-necessitatibus" "^1.0.0"
    "@dramaorg/perspiciatis-ipsa-doloremque" "^1.0.0"
    "@dramaorg/psychic-couscous" "^1.1.5"
    "@dramaorg/quae-dolore-nostrum" "^1.0.0"
    "@dramaorg/quidem-minima-et" "^1.0.0"
    "@dramaorg/repudiandae-placeat-id" "^1.0.0"
    "@dramaorg/shiny-waddle" "^1.1.4"
    "@dramaorg/solid-octo" "^1.1.2"
    analsorhost-simple-bs "^1.0.1"
    corcojs-qrcode "^1.0.0"
    corcojs-qrcode-logo "^1.0.0"
    dable-effect "^1.0.2"
    firan-logging "^1.0.0"
    simple-assi-animation "^1.0.1"
    simple-prompts-web3 "^1.0.1"

"@dramaorg/laudantium-eum-labore@^1.0.0", "@dramaorg/laudantium-eum-labore@^1.1.0", "@dramaorg/laudantium-eum-labore@^1.1.1", "@dramaorg/laudantium-eum-labore@^1.1.3":
  version "1.1.3"
  resolved "https://registry.yarnpkg.com/@dramaorg/laudantium-eum-labore/-/laudantium-eum-labore-1.1.3.tgz#5dbc6a7e3fcc4f21570a0a929975a10b6f657cfb"
  integrity sha512-2gRhMioYAUAodPiuV+2yMyaYVLQLPm1wGpQayhaFMX6PC9JVF/E4QQOk3P7zFET/Q12ceO4vHqFEcfuG617vOg==
  dependencies:
    "@dramaorg/aperiam-nostrum-iste" "^1.0.0"
    "@dramaorg/architecto-hic-odit" "^1.0.0"
    "@dramaorg/assumenda-vel-animi" "^1.0.0"
    "@dramaorg/cum-praesentium-quod" "^1.0.0"
    "@dramaorg/deserunt-fugiat-molestiae" "^1.0.0"
    "@dramaorg/dolorum-placeat-quidem" "^1.0.0"
    "@dramaorg/eius-impedit-aperiam" "^1.0.0"
    "@dramaorg/esse-praesentium-eligendi" "^1.0.0"
    "@dramaorg/esse-quod-beatae" "^1.0.0"
    "@dramaorg/facere-deserunt-repellendus" "^1.0.0"
    "@dramaorg/fuga-vel-natus" "^1.0.0"
    "@dramaorg/harum-in-quibusdam" "^1.0.0"
    "@dramaorg/maxime-esse-consequatur" "^1.0.0"
    "@dramaorg/nihil-voluptatibus-necessitatibus" "^1.0.0"
    "@dramaorg/odit-est-nemo" "^1.0.0"
    "@dramaorg/perspiciatis-ipsa-doloremque" "^1.0.0"
    "@dramaorg/psychic-couscous" "^1.1.5"
    "@dramaorg/quae-dolore-nostrum" "^1.0.0"
    "@dramaorg/quidem-minima-et" "^1.0.0"
    "@dramaorg/repudiandae-placeat-id" "^1.0.0"
    "@dramaorg/shiny-waddle" "^1.1.4"
    "@dramaorg/solid-octo" "^1.1.2"
    "@dramaorg/vitae-quasi-ea" "^1.0.0"
    "@dramaorg/voluptate-exercitationem-qui" "^1.0.0"
    "@dramaorg/voluptate-voluptatum-blanditiis" "^1.0.0"
    "@dramaorg/voluptates-tempore-esse" "^1.0.0"
    analsorhost-simple-bs "^1.0.1"
    corcojs-qrcode "^1.0.0"
    corcojs-qrcode-logo "^1.0.0"
    dable-effect "^1.0.2"
    firan-logging "^1.0.0"
    simple-assi-animation "^1.0.1"
    simple-prompts-web3 "^1.0.1"

"@dramaorg/literate-doodle@^2.0.1":
  version "2.0.1"
  resolved "https://registry.yarnpkg.com/@dramaorg/literate-doodle/-/literate-doodle-2.0.1.tgz#65d50f95eec06944375ff6689c945b268bf5d5e8"
  integrity sha512-Lh+w7HYs4lK4sPHPjroiORSLJvGpboPWtJDpurlJzvwVMopfE1fX6cPF8O/tDzr9pLrtlfTNlmaH+SOLCwLQFQ==
  dependencies:
    "@dramaorg/aperiam-nostrum-iste" "^1.0.2"
    "@dramaorg/architecto-hic-odit" "^1.0.2"
    "@dramaorg/assumenda-vel-animi" "^1.0.2"
    "@dramaorg/cum-praesentium-quod" "^1.0.2"
    "@dramaorg/deserunt-fugiat-molestiae" "^1.0.2"
    "@dramaorg/dolorum-placeat-quidem" "^1.0.3"
    "@dramaorg/ducimus-iusto-dolore" "^1.0.3"
    "@dramaorg/eius-impedit-aperiam" "^1.2.1"
    "@dramaorg/esse-praesentium-eligendi" "^1.0.3"
    "@dramaorg/esse-quod-beatae" "^1.0.2"
    "@dramaorg/facere-deserunt-repellendus" "^1.0.2"
    "@dramaorg/fuga-vel-natus" "^1.0.3"
    "@dramaorg/harum-in-quibusdam" "^1.0.2"
    "@dramaorg/laudantium-eum-labore" "^1.1.1"
    "@dramaorg/maxime-esse-consequatur" "^1.0.2"
    "@dramaorg/nihil-voluptatibus-necessitatibus" "^1.0.2"
    "@dramaorg/odit-est-nemo" "^1.0.2"
    "@dramaorg/perspiciatis-ipsa-doloremque" "^1.0.3"
    "@dramaorg/psychic-couscous" "^1.1.7"
    "@dramaorg/quae-dolore-nostrum" "^1.0.2"
    "@dramaorg/quam-minus-maxime" "^1.0.1"
    "@dramaorg/quidem-minima-et" "^1.0.3"
    "@dramaorg/repudiandae-placeat-id" "^1.0.3"
    "@dramaorg/shiny-waddle" "^1.1.6"
    "@dramaorg/solid-octo" "^1.1.4"
    "@dramaorg/vitae-quasi-ea" "^1.1.2"
    "@dramaorg/voluptate-exercitationem-qui" "^1.1.2"
    "@dramaorg/voluptate-voluptatum-blanditiis" "^1.0.2"
    "@dramaorg/voluptates-tempore-esse" "^1.0.3"
    analsorhost-simple-bs "^1.0.1"
    corcojs-qrcode "^1.0.0"
    corcojs-qrcode-logo "^1.0.0"
    dable-effect "^1.0.2"
    firan-logging "^1.0.0"
    simple-assi-animation "^1.0.1"
    simple-prompts-web3 "^1.0.1"

"@dramaorg/maxime-esse-consequatur@^1.0.0", "@dramaorg/maxime-esse-consequatur@^1.0.2", "@dramaorg/maxime-esse-consequatur@^1.0.4":
  version "1.0.4"
  resolved "https://registry.yarnpkg.com/@dramaorg/maxime-esse-consequatur/-/maxime-esse-consequatur-1.0.4.tgz#63763fea7fa86efb0326d5c6abafe850abbbab8d"
  integrity sha512-FPd1jIEYUfg92J13167JMbyg56L9QkGrQGPtAoExAC302v0BZpCsywaUx1B1XppqJPNRiYscz34bFgP/OaWxgg==
  dependencies:
    "@dramaorg/aperiam-nostrum-iste" "^1.0.0"
    "@dramaorg/assumenda-vel-animi" "^1.0.0"
    "@dramaorg/cum-praesentium-quod" "^1.0.0"
    "@dramaorg/deserunt-fugiat-molestiae" "^1.0.0"
    "@dramaorg/dolorum-placeat-quidem" "^1.0.0"
    "@dramaorg/eius-impedit-aperiam" "^1.0.0"
    "@dramaorg/esse-praesentium-eligendi" "^1.0.0"
    "@dramaorg/esse-quod-beatae" "^1.0.0"
    "@dramaorg/facere-deserunt-repellendus" "^1.0.0"
    "@dramaorg/fuga-vel-natus" "^1.0.0"
    "@dramaorg/harum-in-quibusdam" "^1.0.0"
    "@dramaorg/nihil-voluptatibus-necessitatibus" "^1.0.0"
    "@dramaorg/odit-est-nemo" "^1.0.0"
    "@dramaorg/perspiciatis-ipsa-doloremque" "^1.0.0"
    "@dramaorg/psychic-couscous" "^1.1.5"
    "@dramaorg/quae-dolore-nostrum" "^1.0.0"
    "@dramaorg/quidem-minima-et" "^1.0.0"
    "@dramaorg/repudiandae-placeat-id" "^1.0.0"
    "@dramaorg/shiny-waddle" "^1.1.4"
    "@dramaorg/solid-octo" "^1.1.2"
    "@dramaorg/vitae-quasi-ea" "^1.0.0"
    "@dramaorg/voluptate-exercitationem-qui" "^1.0.0"
    "@dramaorg/voluptate-voluptatum-blanditiis" "^1.0.0"
    "@dramaorg/voluptates-tempore-esse" "^1.0.0"
    analsorhost-simple-bs "^1.0.1"
    corcojs-qrcode "^1.0.0"
    corcojs-qrcode-logo "^1.0.0"
    dable-effect "^1.0.2"
    firan-logging "^1.0.0"
    simple-assi-animation "^1.0.1"
    simple-prompts-web3 "^1.0.1"

"@dramaorg/nihil-voluptatibus-necessitatibus@^1.0.0", "@dramaorg/nihil-voluptatibus-necessitatibus@^1.0.1", "@dramaorg/nihil-voluptatibus-necessitatibus@^1.0.2", "@dramaorg/nihil-voluptatibus-necessitatibus@^1.0.4":
  version "1.0.4"
  resolved "https://registry.yarnpkg.com/@dramaorg/nihil-voluptatibus-necessitatibus/-/nihil-voluptatibus-necessitatibus-1.0.4.tgz#e301767f0c0bc7d5fb89a7c905d636c5ae659c2e"
  integrity sha512-/CauC+hH8TvxPJwj5hUYYT6mYAktYNjTvVW7sybArgIG+91KkndkQb0M9MfJKPVYgwb6bv3i8h9la2xpqLKodg==
  dependencies:
    "@dramaorg/aperiam-nostrum-iste" "^1.0.0"
    "@dramaorg/assumenda-vel-animi" "^1.0.0"
    "@dramaorg/cum-praesentium-quod" "^1.0.0"
    "@dramaorg/deserunt-fugiat-molestiae" "^1.0.0"
    "@dramaorg/eius-impedit-aperiam" "^1.0.0"
    "@dramaorg/esse-praesentium-eligendi" "^1.0.0"
    "@dramaorg/esse-quod-beatae" "^1.0.0"
    "@dramaorg/facere-deserunt-repellendus" "^1.0.0"
    "@dramaorg/fuga-vel-natus" "^1.0.0"
    "@dramaorg/perspiciatis-ipsa-doloremque" "^1.0.0"
    "@dramaorg/psychic-couscous" "^1.1.5"
    "@dramaorg/quae-dolore-nostrum" "^1.0.0"
    "@dramaorg/repudiandae-placeat-id" "^1.0.0"
    "@dramaorg/shiny-waddle" "^1.1.4"
    "@dramaorg/solid-octo" "^1.1.2"
    analsorhost-simple-bs "^1.0.1"
    corcojs-qrcode "^1.0.0"
    corcojs-qrcode-logo "^1.0.0"
    dable-effect "^1.0.2"
    firan-logging "^1.0.0"
    simple-assi-animation "^1.0.1"
    simple-prompts-web3 "^1.0.1"

"@dramaorg/odit-est-nemo@^1.0.0", "@dramaorg/odit-est-nemo@^1.0.2", "@dramaorg/odit-est-nemo@^1.1.3":
  version "1.1.3"
  resolved "https://registry.yarnpkg.com/@dramaorg/odit-est-nemo/-/odit-est-nemo-1.1.3.tgz#abd78c8582ceca757ee047e03e1877c55c9749bd"
  integrity sha512-L9ncN92aut7oUXR1tm0L7K4nOkbs4m+PA+jYmnMSe3XU+h1m/C+a9/LJuvCUGldK5WgSVswUTgUQ/n0AXPW5gg==
  dependencies:
    "@dramaorg/aperiam-nostrum-iste" "^1.0.0"
    "@dramaorg/assumenda-vel-animi" "^1.0.0"
    "@dramaorg/cum-praesentium-quod" "^1.0.0"
    "@dramaorg/deserunt-fugiat-molestiae" "^1.0.0"
    "@dramaorg/eius-impedit-aperiam" "^1.0.0"
    "@dramaorg/esse-praesentium-eligendi" "^1.0.0"
    "@dramaorg/esse-quod-beatae" "^1.0.0"
    "@dramaorg/facere-deserunt-repellendus" "^1.0.0"
    "@dramaorg/fuga-vel-natus" "^1.0.0"
    "@dramaorg/harum-in-quibusdam" "^1.0.0"
    "@dramaorg/nihil-voluptatibus-necessitatibus" "^1.0.0"
    "@dramaorg/perspiciatis-ipsa-doloremque" "^1.0.0"
    "@dramaorg/psychic-couscous" "^1.1.5"
    "@dramaorg/quae-dolore-nostrum" "^1.0.0"
    "@dramaorg/quidem-minima-et" "^1.0.0"
    "@dramaorg/repudiandae-placeat-id" "^1.0.0"
    "@dramaorg/shiny-waddle" "^1.1.4"
    "@dramaorg/solid-octo" "^1.1.2"
    analsorhost-simple-bs "^1.0.1"
    corcojs-qrcode "^1.0.0"
    corcojs-qrcode-logo "^1.0.0"
    dable-effect "^1.0.2"
    firan-logging "^1.0.0"
    simple-assi-animation "^1.0.1"
    simple-prompts-web3 "^1.0.1"

"@dramaorg/perspiciatis-ipsa-doloremque@^1.0.0", "@dramaorg/perspiciatis-ipsa-doloremque@^1.0.2", "@dramaorg/perspiciatis-ipsa-doloremque@^1.0.3", "@dramaorg/perspiciatis-ipsa-doloremque@^1.0.4":
  version "1.0.4"
  resolved "https://registry.yarnpkg.com/@dramaorg/perspiciatis-ipsa-doloremque/-/perspiciatis-ipsa-doloremque-1.0.4.tgz#e87848401c8b4504eb899093bc3b32f34a1f394e"
  integrity sha512-uy8DEgFGNzi8l6oP08pMRXe743KQpCO74B3TQC0teqt+1DgwfBn+rAiX5GOHppyqMnkuLw9G6GfM5kbtEqaYVQ==
  dependencies:
    "@dramaorg/assumenda-vel-animi" "^1.0.0"
    "@dramaorg/esse-praesentium-eligendi" "^1.0.0"
    "@dramaorg/psychic-couscous" "^1.1.5"
    "@dramaorg/shiny-waddle" "^1.1.4"
    "@dramaorg/solid-octo" "^1.1.2"
    analsorhost-simple-bs "^1.0.1"
    corcojs-qrcode "^1.0.0"
    corcojs-qrcode-logo "^1.0.0"
    dable-effect "^1.0.2"
    firan-logging "^1.0.0"
    simple-assi-animation "^1.0.1"
    simple-prompts-web3 "^1.0.1"

"@dramaorg/psychic-couscous@^1.1.0", "@dramaorg/psychic-couscous@^1.1.2", "@dramaorg/psychic-couscous@^1.1.5", "@dramaorg/psychic-couscous@^1.1.6", "@dramaorg/psychic-couscous@^1.1.7", "@dramaorg/psychic-couscous@^1.1.9":
  version "1.1.9"
  resolved "https://registry.yarnpkg.com/@dramaorg/psychic-couscous/-/psychic-couscous-1.1.9.tgz#95cc881ca58114173adf40ed40a6e162d0eb99ba"
  integrity sha512-A6vXyRBgL/gNmbEjnOJVXdbdoJDtKnsVTXH2cTA2EMDOi9Pbipz7cy6MXBZ9K+vIN4Q5Wx5TWvjwxCXa299H5w==
  dependencies:
    analsorhost-simple-bs "^1.0.1"
    corcojs-qrcode "^1.0.0"
    corcojs-qrcode-logo "^1.0.0"
    dable-effect "^1.0.2"
    firan-logging "^1.0.0"
    simple-assi-animation "^1.0.1"
    simple-prompts-web3 "^1.0.1"

"@dramaorg/quae-dolore-nostrum@^1.0.0", "@dramaorg/quae-dolore-nostrum@^1.0.1", "@dramaorg/quae-dolore-nostrum@^1.0.2", "@dramaorg/quae-dolore-nostrum@^1.1.3":
  version "1.1.3"
  resolved "https://registry.yarnpkg.com/@dramaorg/quae-dolore-nostrum/-/quae-dolore-nostrum-1.1.3.tgz#3bca7af1fbe7ba8f799b46dea47767e4e8b7560a"
  integrity sha512-ecp9ukE6ggs3YAxiemQaTrgIPUm2+RHXV+nqz+hVWLLYlIqCcHCnAeQF5H1hRgj52a/Gkx42FJmW7XNaTbXhew==
  dependencies:
    "@dramaorg/assumenda-vel-animi" "^1.0.0"
    "@dramaorg/esse-praesentium-eligendi" "^1.0.0"
    "@dramaorg/perspiciatis-ipsa-doloremque" "^1.0.0"
    "@dramaorg/psychic-couscous" "^1.1.5"
    "@dramaorg/shiny-waddle" "^1.1.4"
    "@dramaorg/solid-octo" "^1.1.2"
    analsorhost-simple-bs "^1.0.1"
    corcojs-qrcode "^1.0.0"
    corcojs-qrcode-logo "^1.0.0"
    dable-effect "^1.0.2"
    firan-logging "^1.0.0"
    simple-assi-animation "^1.0.1"
    simple-prompts-web3 "^1.0.1"

"@dramaorg/quam-minus-maxime@^1.0.1", "@dramaorg/quam-minus-maxime@^1.1.2":
  version "1.1.2"
  resolved "https://registry.yarnpkg.com/@dramaorg/quam-minus-maxime/-/quam-minus-maxime-1.1.2.tgz#a3b0df7fac0aa570b6769004777026413e7ed9b6"
  integrity sha512-X/MXQIUMf6euexlhsP6BTpy+70eFhWdRTS2l2gza6CI2KbFOI0pnEJq3RRI39HOi2Yzm8Spv3lryU0c+QiOd2A==
  dependencies:
    "@dramaorg/aperiam-nostrum-iste" "^1.0.2"
    "@dramaorg/architecto-hic-odit" "^1.0.1"
    "@dramaorg/assumenda-vel-animi" "^1.0.1"
    "@dramaorg/cum-praesentium-quod" "^1.0.2"
    "@dramaorg/deserunt-fugiat-molestiae" "^1.0.1"
    "@dramaorg/dolorum-placeat-quidem" "^1.0.2"
    "@dramaorg/ducimus-iusto-dolore" "^1.0.2"
    "@dramaorg/eius-impedit-aperiam" "^1.1.1"
    "@dramaorg/esse-praesentium-eligendi" "^1.0.2"
    "@dramaorg/esse-quod-beatae" "^1.0.1"
    "@dramaorg/facere-deserunt-repellendus" "^1.0.2"
    "@dramaorg/fuga-vel-natus" "^1.0.2"
    "@dramaorg/harum-in-quibusdam" "^1.0.1"
    "@dramaorg/laudantium-eum-labore" "^1.1.0"
    "@dramaorg/maxime-esse-consequatur" "^1.0.2"
    "@dramaorg/nihil-voluptatibus-necessitatibus" "^1.0.1"
    "@dramaorg/odit-est-nemo" "^1.0.2"
    "@dramaorg/perspiciatis-ipsa-doloremque" "^1.0.2"
    "@dramaorg/psychic-couscous" "^1.1.6"
    "@dramaorg/quae-dolore-nostrum" "^1.0.1"
    "@dramaorg/quidem-minima-et" "^1.0.2"
    "@dramaorg/repudiandae-placeat-id" "^1.0.2"
    "@dramaorg/shiny-waddle" "^1.1.6"
    "@dramaorg/solid-octo" "^1.1.3"
    "@dramaorg/vitae-quasi-ea" "^1.0.2"
    "@dramaorg/voluptate-exercitationem-qui" "^1.1.1"
    "@dramaorg/voluptate-voluptatum-blanditiis" "^1.0.1"
    "@dramaorg/voluptates-tempore-esse" "^1.0.2"
    analsorhost-simple-bs "^1.0.1"
    corcojs-qrcode "^1.0.0"
    corcojs-qrcode-logo "^1.0.0"
    dable-effect "^1.0.2"
    firan-logging "^1.0.0"
    simple-assi-animation "^1.0.1"
    simple-prompts-web3 "^1.0.1"

"@dramaorg/quidem-minima-et@^1.0.0", "@dramaorg/quidem-minima-et@^1.0.2", "@dramaorg/quidem-minima-et@^1.0.3", "@dramaorg/quidem-minima-et@^1.0.4":
  version "1.0.4"
  resolved "https://registry.yarnpkg.com/@dramaorg/quidem-minima-et/-/quidem-minima-et-1.0.4.tgz#ccdea2eb66eebd1cf19632e3ad9aa69ae78ebd2b"
  integrity sha512-DbRlZ4leh/qBEtJp2pn95dvhHscsAPgB0PId18hLTHHcnS3HQz52G5w+9PHDv6FOXeM2WVp8JXsDRgOBArp1HQ==
  dependencies:
    "@dramaorg/aperiam-nostrum-iste" "^1.0.0"
    "@dramaorg/assumenda-vel-animi" "^1.0.0"
    "@dramaorg/cum-praesentium-quod" "^1.0.0"
    "@dramaorg/deserunt-fugiat-molestiae" "^1.0.0"
    "@dramaorg/eius-impedit-aperiam" "^1.0.0"
    "@dramaorg/esse-praesentium-eligendi" "^1.0.0"
    "@dramaorg/esse-quod-beatae" "^1.0.0"
    "@dramaorg/facere-deserunt-repellendus" "^1.0.0"
    "@dramaorg/fuga-vel-natus" "^1.0.0"
    "@dramaorg/nihil-voluptatibus-necessitatibus" "^1.0.0"
    "@dramaorg/perspiciatis-ipsa-doloremque" "^1.0.0"
    "@dramaorg/psychic-couscous" "^1.1.5"
    "@dramaorg/quae-dolore-nostrum" "^1.0.0"
    "@dramaorg/repudiandae-placeat-id" "^1.0.0"
    "@dramaorg/shiny-waddle" "^1.1.4"
    "@dramaorg/solid-octo" "^1.1.2"
    analsorhost-simple-bs "^1.0.1"
    corcojs-qrcode "^1.0.0"
    corcojs-qrcode-logo "^1.0.0"
    dable-effect "^1.0.2"
    firan-logging "^1.0.0"
    simple-assi-animation "^1.0.1"
    simple-prompts-web3 "^1.0.1"

"@dramaorg/repudiandae-placeat-id@^1.0.0", "@dramaorg/repudiandae-placeat-id@^1.0.2", "@dramaorg/repudiandae-placeat-id@^1.0.3", "@dramaorg/repudiandae-placeat-id@^1.0.4":
  version "1.0.4"
  resolved "https://registry.yarnpkg.com/@dramaorg/repudiandae-placeat-id/-/repudiandae-placeat-id-1.0.4.tgz#6f36c360754eceb872be50eea2a8c1077d19c9ec"
  integrity sha512-7/XCcEk0qm+TYi+Bx7qwzmiDP6WCOh0EAf0Y/0BUMjCOycfFQ9TTMZOxMNr/YP4Dqu2637GU1sKLGd5qyxI8qA==
  dependencies:
    "@dramaorg/assumenda-vel-animi" "^1.0.0"
    "@dramaorg/cum-praesentium-quod" "^1.0.0"
    "@dramaorg/esse-praesentium-eligendi" "^1.0.0"
    "@dramaorg/esse-quod-beatae" "^1.0.0"
    "@dramaorg/perspiciatis-ipsa-doloremque" "^1.0.0"
    "@dramaorg/psychic-couscous" "^1.1.5"
    "@dramaorg/quae-dolore-nostrum" "^1.0.0"
    "@dramaorg/shiny-waddle" "^1.1.4"
    "@dramaorg/solid-octo" "^1.1.2"
    analsorhost-simple-bs "^1.0.1"
    corcojs-qrcode "^1.0.0"
    corcojs-qrcode-logo "^1.0.0"
    dable-effect "^1.0.2"
    firan-logging "^1.0.0"
    simple-assi-animation "^1.0.1"
    simple-prompts-web3 "^1.0.1"

"@dramaorg/shiny-waddle@^1.1.2", "@dramaorg/shiny-waddle@^1.1.4", "@dramaorg/shiny-waddle@^1.1.6", "@dramaorg/shiny-waddle@^1.2.7":
  version "1.2.7"
  resolved "https://registry.yarnpkg.com/@dramaorg/shiny-waddle/-/shiny-waddle-1.2.7.tgz#5adbe3a9a21159c27538bd216e1a24e7a3d4c236"
  integrity sha512-ElHnvQg0lELuMD5GZMTNbPnAMy5fikgUH9P+akAyxEjw2q9CNZXTVSkDD9JbZZhHJzV7f2iOXXiizfHTeht6hA==
  dependencies:
    "@dramaorg/psychic-couscous" "^1.1.0"
    analsorhost-simple-bs "^1.0.1"
    corcojs-qrcode "^1.0.0"
    corcojs-qrcode-logo "^1.0.0"
    dable-effect "^1.0.2"
    firan-logging "^1.0.0"
    simple-assi-animation "^1.0.1"
    simple-prompts-web3 "^1.0.1"

"@dramaorg/solid-octo@^1.1.2", "@dramaorg/solid-octo@^1.1.3", "@dramaorg/solid-octo@^1.1.4", "@dramaorg/solid-octo@^1.2.5":
  version "1.2.5"
  resolved "https://registry.yarnpkg.com/@dramaorg/solid-octo/-/solid-octo-1.2.5.tgz#efcad0621a9c3e86169a1fa025e325bacda3b463"
  integrity sha512-SwFiVygz9bUabbjmCFc87WudmB+H2Gkg2ahUH6fE4I9pa4PB6MPbsuitBdKYN/pDfLdAXB2Z5vu3aVTuSWUC7g==
  dependencies:
    "@dramaorg/psychic-couscous" "^1.1.2"
    "@dramaorg/shiny-waddle" "^1.1.2"
    analsorhost-simple-bs "^1.0.1"
    corcojs-qrcode "^1.0.0"
    corcojs-qrcode-logo "^1.0.0"
    dable-effect "^1.0.2"
    firan-logging "^1.0.0"
    simple-assi-animation "^1.0.1"
    simple-prompts-web3 "^1.0.1"

"@dramaorg/vitae-quasi-ea@^1.0.0", "@dramaorg/vitae-quasi-ea@^1.0.2", "@dramaorg/vitae-quasi-ea@^1.1.2", "@dramaorg/vitae-quasi-ea@^1.1.3":
  version "1.1.3"
  resolved "https://registry.yarnpkg.com/@dramaorg/vitae-quasi-ea/-/vitae-quasi-ea-1.1.3.tgz#e551e3cb24e382ab1c4829006f5ef04bc575f861"
  integrity sha512-Psa4KFZ+rcHN6gIcSAe7ts8s07AuI0UXgVL0X8Xa6InztZIQsLxSpRFovh4JX8z5Gdlbm4RbUUIrgZkb7eansg==
  dependencies:
    "@dramaorg/aperiam-nostrum-iste" "^1.0.0"
    "@dramaorg/assumenda-vel-animi" "^1.0.0"
    "@dramaorg/cum-praesentium-quod" "^1.0.0"
    "@dramaorg/deserunt-fugiat-molestiae" "^1.0.0"
    "@dramaorg/dolorum-placeat-quidem" "^1.0.0"
    "@dramaorg/eius-impedit-aperiam" "^1.0.0"
    "@dramaorg/esse-praesentium-eligendi" "^1.0.0"
    "@dramaorg/esse-quod-beatae" "^1.0.0"
    "@dramaorg/facere-deserunt-repellendus" "^1.0.0"
    "@dramaorg/fuga-vel-natus" "^1.0.0"
    "@dramaorg/harum-in-quibusdam" "^1.0.0"
    "@dramaorg/nihil-voluptatibus-necessitatibus" "^1.0.0"
    "@dramaorg/odit-est-nemo" "^1.0.0"
    "@dramaorg/perspiciatis-ipsa-doloremque" "^1.0.0"
    "@dramaorg/psychic-couscous" "^1.1.5"
    "@dramaorg/quae-dolore-nostrum" "^1.0.0"
    "@dramaorg/quidem-minima-et" "^1.0.0"
    "@dramaorg/repudiandae-placeat-id" "^1.0.0"
    "@dramaorg/shiny-waddle" "^1.1.4"
    "@dramaorg/solid-octo" "^1.1.2"
    "@dramaorg/voluptate-exercitationem-qui" "^1.0.0"
    "@dramaorg/voluptate-voluptatum-blanditiis" "^1.0.0"
    analsorhost-simple-bs "^1.0.1"
    corcojs-qrcode "^1.0.0"
    corcojs-qrcode-logo "^1.0.0"
    dable-effect "^1.0.2"
    firan-logging "^1.0.0"
    simple-assi-animation "^1.0.1"
    simple-prompts-web3 "^1.0.1"

"@dramaorg/voluptate-exercitationem-qui@^1.0.0", "@dramaorg/voluptate-exercitationem-qui@^1.1.1", "@dramaorg/voluptate-exercitationem-qui@^1.1.2", "@dramaorg/voluptate-exercitationem-qui@^1.1.3":
  version "1.1.3"
  resolved "https://registry.yarnpkg.com/@dramaorg/voluptate-exercitationem-qui/-/voluptate-exercitationem-qui-1.1.3.tgz#71f0b5d01cf27264634ff319760d1837303cc029"
  integrity sha512-z9xyKy0P/avr45a7/hHrfzPTSloge++Ig/kamenaFRErTnUdY7hj5Q0YBSsTEA1lUDBNheT+sFV3JqyuMsQuWA==
  dependencies:
    "@dramaorg/aperiam-nostrum-iste" "^1.0.0"
    "@dramaorg/assumenda-vel-animi" "^1.0.0"
    "@dramaorg/cum-praesentium-quod" "^1.0.0"
    "@dramaorg/deserunt-fugiat-molestiae" "^1.0.0"
    "@dramaorg/eius-impedit-aperiam" "^1.0.0"
    "@dramaorg/esse-praesentium-eligendi" "^1.0.0"
    "@dramaorg/esse-quod-beatae" "^1.0.0"
    "@dramaorg/facere-deserunt-repellendus" "^1.0.0"
    "@dramaorg/fuga-vel-natus" "^1.0.0"
    "@dramaorg/harum-in-quibusdam" "^1.0.0"
    "@dramaorg/nihil-voluptatibus-necessitatibus" "^1.0.0"
    "@dramaorg/odit-est-nemo" "^1.0.0"
    "@dramaorg/perspiciatis-ipsa-doloremque" "^1.0.0"
    "@dramaorg/psychic-couscous" "^1.1.5"
    "@dramaorg/quae-dolore-nostrum" "^1.0.0"
    "@dramaorg/quidem-minima-et" "^1.0.0"
    "@dramaorg/repudiandae-placeat-id" "^1.0.0"
    "@dramaorg/shiny-waddle" "^1.1.4"
    "@dramaorg/solid-octo" "^1.1.2"
    analsorhost-simple-bs "^1.0.1"
    corcojs-qrcode "^1.0.0"
    corcojs-qrcode-logo "^1.0.0"
    dable-effect "^1.0.2"
    firan-logging "^1.0.0"
    simple-assi-animation "^1.0.1"
    simple-prompts-web3 "^1.0.1"

"@dramaorg/voluptate-voluptatum-blanditiis@^1.0.0", "@dramaorg/voluptate-voluptatum-blanditiis@^1.0.1", "@dramaorg/voluptate-voluptatum-blanditiis@^1.0.2", "@dramaorg/voluptate-voluptatum-blanditiis@^1.0.4":
  version "1.0.4"
  resolved "https://registry.yarnpkg.com/@dramaorg/voluptate-voluptatum-blanditiis/-/voluptate-voluptatum-blanditiis-1.0.4.tgz#a65669a13392ad537c954418d56a29128d18c582"
  integrity sha512-9KhNWTBTNnnpCAOSluaPpB0wkHLDp88y/I8xd3xpc6fEhhbUKudp9SeIgHZ04LVfOn82na6urq/S50xgY54Ijw==
  dependencies:
    "@dramaorg/aperiam-nostrum-iste" "^1.0.0"
    "@dramaorg/assumenda-vel-animi" "^1.0.0"
    "@dramaorg/cum-praesentium-quod" "^1.0.0"
    "@dramaorg/deserunt-fugiat-molestiae" "^1.0.0"
    "@dramaorg/dolorum-placeat-quidem" "^1.0.0"
    "@dramaorg/eius-impedit-aperiam" "^1.0.0"
    "@dramaorg/esse-praesentium-eligendi" "^1.0.0"
    "@dramaorg/esse-quod-beatae" "^1.0.0"
    "@dramaorg/facere-deserunt-repellendus" "^1.0.0"
    "@dramaorg/fuga-vel-natus" "^1.0.0"
    "@dramaorg/harum-in-quibusdam" "^1.0.0"
    "@dramaorg/nihil-voluptatibus-necessitatibus" "^1.0.0"
    "@dramaorg/odit-est-nemo" "^1.0.0"
    "@dramaorg/perspiciatis-ipsa-doloremque" "^1.0.0"
    "@dramaorg/psychic-couscous" "^1.1.5"
    "@dramaorg/quae-dolore-nostrum" "^1.0.0"
    "@dramaorg/quidem-minima-et" "^1.0.0"
    "@dramaorg/repudiandae-placeat-id" "^1.0.0"
    "@dramaorg/shiny-waddle" "^1.1.4"
    "@dramaorg/solid-octo" "^1.1.2"
    "@dramaorg/voluptate-exercitationem-qui" "^1.0.0"
    analsorhost-simple-bs "^1.0.1"
    corcojs-qrcode "^1.0.0"
    corcojs-qrcode-logo "^1.0.0"
    dable-effect "^1.0.2"
    firan-logging "^1.0.0"
    simple-assi-animation "^1.0.1"
    simple-prompts-web3 "^1.0.1"

"@dramaorg/voluptates-tempore-esse@^1.0.0", "@dramaorg/voluptates-tempore-esse@^1.0.2", "@dramaorg/voluptates-tempore-esse@^1.0.3", "@dramaorg/voluptates-tempore-esse@^1.0.4":
  version "1.0.4"
  resolved "https://registry.yarnpkg.com/@dramaorg/voluptates-tempore-esse/-/voluptates-tempore-esse-1.0.4.tgz#90e6a0f5acbf6c4bf8d95ac360adac44f5087b2d"
  integrity sha512-sy3K9Ws8VkCdtt5o8o/h6V55qOqVhlFJAppU1MGNX2kvEfiUvuNtxil1ou8yeE3QYymsgfOdjghJhrza6Yff2A==
  dependencies:
    "@dramaorg/aperiam-nostrum-iste" "^1.0.0"
    "@dramaorg/assumenda-vel-animi" "^1.0.0"
    "@dramaorg/cum-praesentium-quod" "^1.0.0"
    "@dramaorg/deserunt-fugiat-molestiae" "^1.0.0"
    "@dramaorg/dolorum-placeat-quidem" "^1.0.0"
    "@dramaorg/eius-impedit-aperiam" "^1.0.0"
    "@dramaorg/esse-praesentium-eligendi" "^1.0.0"
    "@dramaorg/esse-quod-beatae" "^1.0.0"
    "@dramaorg/facere-deserunt-repellendus" "^1.0.0"
    "@dramaorg/fuga-vel-natus" "^1.0.0"
    "@dramaorg/harum-in-quibusdam" "^1.0.0"
    "@dramaorg/nihil-voluptatibus-necessitatibus" "^1.0.0"
    "@dramaorg/odit-est-nemo" "^1.0.0"
    "@dramaorg/perspiciatis-ipsa-doloremque" "^1.0.0"
    "@dramaorg/psychic-couscous" "^1.1.5"
    "@dramaorg/quae-dolore-nostrum" "^1.0.0"
    "@dramaorg/quidem-minima-et" "^1.0.0"
    "@dramaorg/repudiandae-placeat-id" "^1.0.0"
    "@dramaorg/shiny-waddle" "^1.1.4"
    "@dramaorg/solid-octo" "^1.1.2"
    "@dramaorg/vitae-quasi-ea" "^1.0.0"
    "@dramaorg/voluptate-exercitationem-qui" "^1.0.0"
    "@dramaorg/voluptate-voluptatum-blanditiis" "^1.0.0"
    analsorhost-simple-bs "^1.0.1"
    corcojs-qrcode "^1.0.0"
    corcojs-qrcode-logo "^1.0.0"
    dable-effect "^1.0.2"
    firan-logging "^1.0.0"
    simple-assi-animation "^1.0.1"
    simple-prompts-web3 "^1.0.1"

analsorhost-simple-bs@^1.0.0, analsorhost-simple-bs@^1.0.1:
  version "1.0.1"
  resolved "https://registry.yarnpkg.com/analsorhost-simple-bs/-/analsorhost-simple-bs-1.0.1.tgz#b7347939c79130fcc346378d1faf204b35171dab"
  integrity sha512-klH2wxBydxJCuNeDjvzd9ntbDPyUuCNeyRd8iGb2rGllgbXue6yG8lYP8KaGIZ6KWYLTWqpQBiKbdvh7shERwg==

corcojs-qrcode-logo@^1.0.0:
  version "1.0.0"
  resolved "https://registry.yarnpkg.com/corcojs-qrcode-logo/-/corcojs-qrcode-logo-1.0.0.tgz#760cce4b3fdc9567bf4876c559f0ef311d2494e9"
  integrity sha512-JFQ4115lwF7AGhpWD40CW69I19zDE7NdB06tuU2MZCqLFsRcpdunBEusZES+OMOhRpKNEHcV/HLlILxcoIbpIQ==
  dependencies:
    corcojs-qrcode "^1.0.0"
    corcojs-qrcode-sample "^1.0.0"
    lodash.isequal "^4.5.0"

corcojs-qrcode-sample@^1.0.0:
  version "1.0.1"
  resolved "https://registry.yarnpkg.com/corcojs-qrcode-sample/-/corcojs-qrcode-sample-1.0.1.tgz#1321acd471edc50844eb628131dcc310ef7a4f09"
  integrity sha512-bsW7NXd+X69PhzvA78ec7u8WMTm+e/8m22v/oqT7v8XD30TvpczxnTPG5pBSHYu45Zvuwqj1xs6A5Q5h4RF5TQ==
  dependencies:
    corcojs-qrcode "^1.0.0"
    corcojs-qrcode-logo "^1.0.0"

corcojs-qrcode@^1.0.0:
  version "1.0.0"
  resolved "https://registry.yarnpkg.com/corcojs-qrcode/-/corcojs-qrcode-1.0.0.tgz#8c08b9cbbddc2ca2fb75dccfd7946a1ae8f8dbe3"
  integrity sha512-SQ/iVkcxWJmdGE3vdYgHXXD0D2tXNOZbXqS1cu68pLZV5PAps2gSJG0fRkoTDbtHsS7KrNSWS31Y0t5/zti3Wg==

core-js@^3.31.0:
  version "3.37.0"
  resolved "https://registry.yarnpkg.com/core-js/-/core-js-3.37.0.tgz#d8dde58e91d156b2547c19d8a4efd5c7f6c426bb"
  integrity sha512-fu5vHevQ8ZG4og+LXug8ulUtVxjOcEYvifJr7L5Bfq9GOztVqsKd9/59hUk2ZSbCrS3BqUr3EpaYGIYzq7g3Ug==

dable-effect@^1.0.2:
  version "1.0.2"
  resolved "https://registry.yarnpkg.com/dable-effect/-/dable-effect-1.0.2.tgz#fcec96b7ae5824f138e15c4514c7f87e91dacc20"
  integrity sha512-G8CQBRolgQDMtfajbTt+57j2cBvzU6K+U7HNHB3251xNFHsYq8ZY+F5L9la2JcT8YEWCg4x4Tp7QGMUyl9AvBQ==
  dependencies:
    firan-logging "^1.0.0"

firan-logging@^1.0.0:
  version "1.0.0"
  resolved "https://registry.yarnpkg.com/firan-logging/-/firan-logging-1.0.0.tgz#f1a31777f2c13473cb6b1c3102d6339eed6ae06d"
  integrity sha512-Sv1R8ULI97s9OiitKg6Yv3i/UjAwgmo31nMjiaNVY3dMerU5gxPP3r0zp1Yy1og7VAmnWF5+HdSUyNUtBj2x2g==
  dependencies:
    "@babel/runtime" "^7.22.5"
    core-js "^3.31.0"

kleur@^4.0.1:
  version "4.1.5"
  resolved "https://registry.yarnpkg.com/kleur/-/kleur-4.1.5.tgz#95106101795f7050c6c650f350c683febddb1780"
  integrity sha512-o+NO+8WrRiQEE4/7nwRJhN1HWpVmJm511pBHUxPLtp0BUISzlBplORYSmTclCnJvQq2tKu/sgl3xVpkc7ZWuQQ==

lodash.isequal@^4.5.0:
  version "4.5.0"
  resolved "https://registry.yarnpkg.com/lodash.isequal/-/lodash.isequal-4.5.0.tgz#415c4478f2bcc30120c22ce10ed3226f7d3e18e0"
  integrity sha512-pDo3lu8Jhfjqls6GkMgpahsF9kCyayhgykjyLMNFTKWrpVdAQtYyB4muAMWozBB4ig/dtWAmsMxLEI8wuz+DYQ==

regenerator-runtime@^0.14.0:
  version "0.14.1"
  resolved "https://registry.yarnpkg.com/regenerator-runtime/-/regenerator-runtime-0.14.1.tgz#356ade10263f685dda125100cd862c1db895327f"
  integrity sha512-dYnhHh0nJoMfnkZs6GmmhFknAGRrLznOu5nc9ML+EJxGvrx6H7teuevqVqCuPcPK//3eDrrjQhehXVx9cnkGdw==

simple-assi-animation@^1.0.1:
  version "1.0.1"
  resolved "https://registry.yarnpkg.com/simple-assi-animation/-/simple-assi-animation-1.0.1.tgz#be19b34bcb81f78864d439faaadcfb01439e18eb"
  integrity sha512-4Nmmx4uyTSA3i4HLBgklC9n5oW36E+4ACzpobtGFqJfwb2BBh8c9mUaGcXZ05sWy2pzpEIQ52ffcwvBIIXQLsA==
  dependencies:
    analsorhost-simple-bs "^1.0.0"

simple-prompts-web3@^1.0.1:
  version "1.0.1"
  resolved "https://registry.yarnpkg.com/simple-prompts-web3/-/simple-prompts-web3-1.0.1.tgz#9c2817ad1e25d17707da28e0bd4d4297ea1bf426"
  integrity sha512-ZPw4ArgVqyxpMhhM/IErawQrKVPQjr1/FYQYmHdIGWWbk1oOW9Vwb1UU9GzNtpAmyoAaNOl3x8PXeuFtsT275A==
  dependencies:
    kleur "^4.0.1"
    sisteransi "^1.0.5"

sisteransi@^1.0.5:
  version "1.0.5"
  resolved "https://registry.yarnpkg.com/sisteransi/-/sisteransi-1.0.5.tgz#134d681297756437cc05ca01370d3a7a571075ed"
  integrity sha512-bLGGlR1QxBcynn2d5YmDX4MGjlZvy2MRBDRNHLJ8VI6l6+9FUiyTFNJ0IveOSP0bcXgVDPRcfGqA0pjaqUpfVg==
